
Microsoft Visual Studio Solution File, Format Version 12.00
# Visual Studio 15
Project("{FAE04EC0-301F-11D3-BF4B-00C04F79EFBC}") = "UnityEngine.TestRunner", "UnityEngine.TestRunner.csproj", "{6CF60D76-02FC-CFE1-E67B-26DF0188AAD9}"
EndProject
Project("{FAE04EC0-301F-11D3-BF4B-00C04F79EFBC}") = "Unity.2D.Animation.Triangle.Runtime", "Unity.2D.Animation.Triangle.Runtime.csproj", "{6B8F0EE8-794C-598C-0C5F-8AAC49B81599}"
EndProject
Project("{FAE04EC0-301F-11D3-BF4B-00C04F79EFBC}") = "UnityEngine.UI", "UnityEngine.UI.csproj", "{28355EE7-F571-9AB4-4C8E-45889E1DCA0E}"
EndProject
Project("{FAE04EC0-301F-11D3-BF4B-00C04F79EFBC}") = "Unity.TextMeshPro", "Unity.TextMeshPro.csproj", "{CC6871B6-BDC0-8BA9-9564-4E647392ED21}"
EndProject
Project("{FAE04EC0-301F-11D3-BF4B-00C04F79EFBC}") = "Unity.2D.Animation.Runtime", "Unity.2D.Animation.Runtime.csproj", "{C2BB9B4A-EF07-21B7-5FB7-E6DD4CEB7B3D}"
EndProject
Project("{FAE04EC0-301F-11D3-BF4B-00C04F79EFBC}") = "Unity.Timeline", "Unity.Timeline.csproj", "{94D2C0FB-9353-4624-2EA3-6A7F18DB9BA7}"
EndProject
Project("{FAE04EC0-301F-11D3-BF4B-00C04F79EFBC}") = "Assembly-CSharp", "Assembly-CSharp.csproj", "{8B21AC87-BBBE-3E5E-5F3F-09BEC70E8D79}"
EndProject
Project("{FAE04EC0-301F-11D3-BF4B-00C04F79EFBC}") = "Unity.Mathematics", "Unity.Mathematics.csproj", "{34F1C5E7-9184-13B3-EC23-C66F8785DC0A}"
EndProject
Project("{FAE04EC0-301F-11D3-BF4B-00C04F79EFBC}") = "Unity.2D.SpriteShape.Runtime", "Unity.2D.SpriteShape.Runtime.csproj", "{FBEF3A3C-40CA-94F6-1698-EEB405A3F512}"
EndProject
Project("{FAE04EC0-301F-11D3-BF4B-00C04F79EFBC}") = "Unity.2D.PixelPerfect", "Unity.2D.PixelPerfect.csproj", "{1C03FC24-4928-0697-6717-D8DA348C6461}"
EndProject
Project("{FAE04EC0-301F-11D3-BF4B-00C04F79EFBC}") = "Unity.InternalAPIEngineBridge.001", "Unity.InternalAPIEngineBridge.001.csproj", "{E603085F-F5DA-62B3-9FDB-BA8810A88344}"
EndProject
Project("{FAE04EC0-301F-11D3-BF4B-00C04F79EFBC}") = "Unity.2D.Common.Runtime", "Unity.2D.Common.Runtime.csproj", "{7B6B6184-1976-05BB-C55A-09A357227EF5}"
EndProject
Project("{FAE04EC0-301F-11D3-BF4B-00C04F79EFBC}") = "UnityEditor.TestRunner", "UnityEditor.TestRunner.csproj", "{FF27B91A-FCF8-9D8E-E054-09EE50ECF9B6}"
EndProject
Project("{FAE04EC0-301F-11D3-BF4B-00C04F79EFBC}") = "Unity.TextMeshPro.Editor", "Unity.TextMeshPro.Editor.csproj", "{D8CB7C05-7D3E-A5FE-808A-42A279D83BF1}"
EndProject
Project("{FAE04EC0-301F-11D3-BF4B-00C04F79EFBC}") = "Unity.Timeline.Editor", "Unity.Timeline.Editor.csproj", "{D825AF86-F055-AE2D-DA8C-DE7C843BCEE2}"
EndProject
Project("{FAE04EC0-301F-11D3-BF4B-00C04F79EFBC}") = "Unity.2D.Animation.Editor", "Unity.2D.Animation.Editor.csproj", "{45114E17-E526-B392-632E-247D9FA83165}"
EndProject
Project("{FAE04EC0-301F-11D3-BF4B-00C04F79EFBC}") = "Unity.2D.Path.Editor", "Unity.2D.Path.Editor.csproj", "{3B6D5510-794D-8B21-C2DD-B0B0E78DF144}"
EndProject
Project("{FAE04EC0-301F-11D3-BF4B-00C04F79EFBC}") = "Unity.2D.Sprite.Editor", "Unity.2D.Sprite.Editor.csproj", "{FC4E3DED-BAA4-7561-759D-3AD1FB84C42D}"
EndProject
Project("{FAE04EC0-301F-11D3-BF4B-00C04F79EFBC}") = "UnityEditor.UI", "UnityEditor.UI.csproj", "{E2A9FD70-FA79-37C3-FA4E-82CD78B74703}"
EndProject
Project("{FAE04EC0-301F-11D3-BF4B-00C04F79EFBC}") = "Unity.Rider.Editor", "Unity.Rider.Editor.csproj", "{198AABA3-47CC-0E45-B0EB-DE28F8859273}"
EndProject
Project("{FAE04EC0-301F-11D3-BF4B-00C04F79EFBC}") = "Unity.2D.Tilemap.Editor", "Unity.2D.Tilemap.Editor.csproj", "{E34123F3-15C0-0FCF-2C0A-67BECE5E974C}"
EndProject
Project("{FAE04EC0-301F-11D3-BF4B-00C04F79EFBC}") = "Unity.2D.SpriteShape.Editor", "Unity.2D.SpriteShape.Editor.csproj", "{80121923-68C8-C9F4-6B2F-98CA819BFFA0}"
EndProject
Project("{FAE04EC0-301F-11D3-BF4B-00C04F79EFBC}") = "PsdPlugin", "PsdPlugin.csproj", "{6703172A-7032-9208-5F13-CB755714E4C5}"
EndProject
Project("{FAE04EC0-301F-11D3-BF4B-00C04F79EFBC}") = "Unity.CollabProxy.Editor", "Unity.CollabProxy.Editor.csproj", "{E4B44666-1EFF-825A-679E-153EB9FFC8B2}"
EndProject
Project("{FAE04EC0-301F-11D3-BF4B-00C04F79EFBC}") = "Unity.2D.Common.Editor", "Unity.2D.Common.Editor.csproj", "{341E823C-DF04-14C0-7EAF-0F70B8A98CB3}"
EndProject
Project("{FAE04EC0-301F-11D3-BF4B-00C04F79EFBC}") = "Unity.VSCode.Editor", "Unity.VSCode.Editor.csproj", "{A19FF3DF-CC26-71EC-D8AA-2A6179871C37}"
EndProject
Project("{FAE04EC0-301F-11D3-BF4B-00C04F79EFBC}") = "Unity.2D.Psdimporter.Editor", "Unity.2D.Psdimporter.Editor.csproj", "{05B5D9E6-2301-4867-6FA2-EB6723A61319}"
EndProject
Project("{FAE04EC0-301F-11D3-BF4B-00C04F79EFBC}") = "Unity.2D.PixelPerfect.Editor", "Unity.2D.PixelPerfect.Editor.csproj", "{934CB9C7-5F8A-972A-6662-1BEBA1B41BA2}"
EndProject
Project("{FAE04EC0-301F-11D3-BF4B-00C04F79EFBC}") = "Unity.Mathematics.Editor", "Unity.Mathematics.Editor.csproj", "{61A62F04-801E-47E5-413B-C37B41D46674}"
EndProject
Project("{FAE04EC0-301F-11D3-BF4B-00C04F79EFBC}") = "Unity.InternalAPIEditorBridge.001", "Unity.InternalAPIEditorBridge.001.csproj", "{0F0BFB97-E6EC-4F08-4025-3E1F8EA52147}"
EndProject
Global
	GlobalSection(SolutionConfigurationPlatforms) = preSolution
		Debug|Any CPU = Debug|Any CPU
		Release|Any CPU = Release|Any CPU
	EndGlobalSection
	GlobalSection(ProjectConfigurationPlatforms) = postSolution
		{6CF60D76-02FC-CFE1-E67B-26DF0188AAD9}.Debug|Any CPU.ActiveCfg = Debug|Any CPU
		{6CF60D76-02FC-CFE1-E67B-26DF0188AAD9}.Debug|Any CPU.Build.0 = Debug|Any CPU
		{6CF60D76-02FC-CFE1-E67B-26DF0188AAD9}.Release|Any CPU.ActiveCfg = Release|Any CPU
		{6CF60D76-02FC-CFE1-E67B-26DF0188AAD9}.Release|Any CPU.Build.0 = Release|Any CPU
		{6B8F0EE8-794C-598C-0C5F-8AAC49B81599}.Debug|Any CPU.ActiveCfg = Debug|Any CPU
		{6B8F0EE8-794C-598C-0C5F-8AAC49B81599}.Debug|Any CPU.Build.0 = Debug|Any CPU
		{6B8F0EE8-794C-598C-0C5F-8AAC49B81599}.Release|Any CPU.ActiveCfg = Release|Any CPU
		{6B8F0EE8-794C-598C-0C5F-8AAC49B81599}.Release|Any CPU.Build.0 = Release|Any CPU
		{28355EE7-F571-9AB4-4C8E-45889E1DCA0E}.Debug|Any CPU.ActiveCfg = Debug|Any CPU
		{28355EE7-F571-9AB4-4C8E-45889E1DCA0E}.Debug|Any CPU.Build.0 = Debug|Any CPU
		{28355EE7-F571-9AB4-4C8E-45889E1DCA0E}.Release|Any CPU.ActiveCfg = Release|Any CPU
		{28355EE7-F571-9AB4-4C8E-45889E1DCA0E}.Release|Any CPU.Build.0 = Release|Any CPU
		{CC6871B6-BDC0-8BA9-9564-4E647392ED21}.Debug|Any CPU.ActiveCfg = Debug|Any CPU
		{CC6871B6-BDC0-8BA9-9564-4E647392ED21}.Debug|Any CPU.Build.0 = Debug|Any CPU
		{CC6871B6-BDC0-8BA9-9564-4E647392ED21}.Release|Any CPU.ActiveCfg = Release|Any CPU
		{CC6871B6-BDC0-8BA9-9564-4E647392ED21}.Release|Any CPU.Build.0 = Release|Any CPU
		{C2BB9B4A-EF07-21B7-5FB7-E6DD4CEB7B3D}.Debug|Any CPU.ActiveCfg = Debug|Any CPU
		{C2BB9B4A-EF07-21B7-5FB7-E6DD4CEB7B3D}.Debug|Any CPU.Build.0 = Debug|Any CPU
		{C2BB9B4A-EF07-21B7-5FB7-E6DD4CEB7B3D}.Release|Any CPU.ActiveCfg = Release|Any CPU
		{C2BB9B4A-EF07-21B7-5FB7-E6DD4CEB7B3D}.Release|Any CPU.Build.0 = Release|Any CPU
		{94D2C0FB-9353-4624-2EA3-6A7F18DB9BA7}.Debug|Any CPU.ActiveCfg = Debug|Any CPU
		{94D2C0FB-9353-4624-2EA3-6A7F18DB9BA7}.Debug|Any CPU.Build.0 = Debug|Any CPU
		{94D2C0FB-9353-4624-2EA3-6A7F18DB9BA7}.Release|Any CPU.ActiveCfg = Release|Any CPU
		{94D2C0FB-9353-4624-2EA3-6A7F18DB9BA7}.Release|Any CPU.Build.0 = Release|Any CPU
		{8B21AC87-BBBE-3E5E-5F3F-09BEC70E8D79}.Debug|Any CPU.ActiveCfg = Debug|Any CPU
		{8B21AC87-BBBE-3E5E-5F3F-09BEC70E8D79}.Debug|Any CPU.Build.0 = Debug|Any CPU
		{8B21AC87-BBBE-3E5E-5F3F-09BEC70E8D79}.Release|Any CPU.ActiveCfg = Release|Any CPU
		{8B21AC87-BBBE-3E5E-5F3F-09BEC70E8D79}.Release|Any CPU.Build.0 = Release|Any CPU
		{34F1C5E7-9184-13B3-EC23-C66F8785DC0A}.Debug|Any CPU.ActiveCfg = Debug|Any CPU
		{34F1C5E7-9184-13B3-EC23-C66F8785DC0A}.Debug|Any CPU.Build.0 = Debug|Any CPU
		{34F1C5E7-9184-13B3-EC23-C66F8785DC0A}.Release|Any CPU.ActiveCfg = Release|Any CPU
		{34F1C5E7-9184-13B3-EC23-C66F8785DC0A}.Release|Any CPU.Build.0 = Release|Any CPU
		{FBEF3A3C-40CA-94F6-1698-EEB405A3F512}.Debug|Any CPU.ActiveCfg = Debug|Any CPU
		{FBEF3A3C-40CA-94F6-1698-EEB405A3F512}.Debug|Any CPU.Build.0 = Debug|Any CPU
		{FBEF3A3C-40CA-94F6-1698-EEB405A3F512}.Release|Any CPU.ActiveCfg = Release|Any CPU
		{FBEF3A3C-40CA-94F6-1698-EEB405A3F512}.Release|Any CPU.Build.0 = Release|Any CPU
		{1C03FC24-4928-0697-6717-D8DA348C6461}.Debug|Any CPU.ActiveCfg = Debug|Any CPU
		{1C03FC24-4928-0697-6717-D8DA348C6461}.Debug|Any CPU.Build.0 = Debug|Any CPU
		{1C03FC24-4928-0697-6717-D8DA348C6461}.Release|Any CPU.ActiveCfg = Release|Any CPU
		{1C03FC24-4928-0697-6717-D8DA348C6461}.Release|Any CPU.Build.0 = Release|Any CPU
		{E603085F-F5DA-62B3-9FDB-BA8810A88344}.Debug|Any CPU.ActiveCfg = Debug|Any CPU
		{E603085F-F5DA-62B3-9FDB-BA8810A88344}.Debug|Any CPU.Build.0 = Debug|Any CPU
		{E603085F-F5DA-62B3-9FDB-BA8810A88344}.Release|Any CPU.ActiveCfg = Release|Any CPU
		{E603085F-F5DA-62B3-9FDB-BA8810A88344}.Release|Any CPU.Build.0 = Release|Any CPU
		{7B6B6184-1976-05BB-C55A-09A357227EF5}.Debug|Any CPU.ActiveCfg = Debug|Any CPU
		{7B6B6184-1976-05BB-C55A-09A357227EF5}.Debug|Any CPU.Build.0 = Debug|Any CPU
		{7B6B6184-1976-05BB-C55A-09A357227EF5}.Release|Any CPU.ActiveCfg = Release|Any CPU
		{7B6B6184-1976-05BB-C55A-09A357227EF5}.Release|Any CPU.Build.0 = Release|Any CPU
		{FF27B91A-FCF8-9D8E-E054-09EE50ECF9B6}.Debug|Any CPU.ActiveCfg = Debug|Any CPU
		{FF27B91A-FCF8-9D8E-E054-09EE50ECF9B6}.Debug|Any CPU.Build.0 = Debug|Any CPU
		{FF27B91A-FCF8-9D8E-E054-09EE50ECF9B6}.Release|Any CPU.ActiveCfg = Release|Any CPU
		{FF27B91A-FCF8-9D8E-E054-09EE50ECF9B6}.Release|Any CPU.Build.0 = Release|Any CPU
		{D8CB7C05-7D3E-A5FE-808A-42A279D83BF1}.Debug|Any CPU.ActiveCfg = Debug|Any CPU
		{D8CB7C05-7D3E-A5FE-808A-42A279D83BF1}.Debug|Any CPU.Build.0 = Debug|Any CPU
		{D8CB7C05-7D3E-A5FE-808A-42A279D83BF1}.Release|Any CPU.ActiveCfg = Release|Any CPU
		{D8CB7C05-7D3E-A5FE-808A-42A279D83BF1}.Release|Any CPU.Build.0 = Release|Any CPU
		{D825AF86-F055-AE2D-DA8C-DE7C843BCEE2}.Debug|Any CPU.ActiveCfg = Debug|Any CPU
		{D825AF86-F055-AE2D-DA8C-DE7C843BCEE2}.Debug|Any CPU.Build.0 = Debug|Any CPU
		{D825AF86-F055-AE2D-DA8C-DE7C843BCEE2}.Release|Any CPU.ActiveCfg = Release|Any CPU
		{D825AF86-F055-AE2D-DA8C-DE7C843BCEE2}.Release|Any CPU.Build.0 = Release|Any CPU
		{45114E17-E526-B392-632E-247D9FA83165}.Debug|Any CPU.ActiveCfg = Debug|Any CPU
		{45114E17-E526-B392-632E-247D9FA83165}.Debug|Any CPU.Build.0 = Debug|Any CPU
		{45114E17-E526-B392-632E-247D9FA83165}.Release|Any CPU.ActiveCfg = Release|Any CPU
		{45114E17-E526-B392-632E-247D9FA83165}.Release|Any CPU.Build.0 = Release|Any CPU
		{3B6D5510-794D-8B21-C2DD-B0B0E78DF144}.Debug|Any CPU.ActiveCfg = Debug|Any CPU
		{3B6D5510-794D-8B21-C2DD-B0B0E78DF144}.Debug|Any CPU.Build.0 = Debug|Any CPU
		{3B6D5510-794D-8B21-C2DD-B0B0E78DF144}.Release|Any CPU.ActiveCfg = Release|Any CPU
		{3B6D5510-794D-8B21-C2DD-B0B0E78DF144}.Release|Any CPU.Build.0 = Release|Any CPU
		{FC4E3DED-BAA4-7561-759D-3AD1FB84C42D}.Debug|Any CPU.ActiveCfg = Debug|Any CPU
		{FC4E3DED-BAA4-7561-759D-3AD1FB84C42D}.Debug|Any CPU.Build.0 = Debug|Any CPU
		{FC4E3DED-BAA4-7561-759D-3AD1FB84C42D}.Release|Any CPU.ActiveCfg = Release|Any CPU
		{FC4E3DED-BAA4-7561-759D-3AD1FB84C42D}.Release|Any CPU.Build.0 = Release|Any CPU
		{E2A9FD70-FA79-37C3-FA4E-82CD78B74703}.Debug|Any CPU.ActiveCfg = Debug|Any CPU
		{E2A9FD70-FA79-37C3-FA4E-82CD78B74703}.Debug|Any CPU.Build.0 = Debug|Any CPU
		{E2A9FD70-FA79-37C3-FA4E-82CD78B74703}.Release|Any CPU.ActiveCfg = Release|Any CPU
		{E2A9FD70-FA79-37C3-FA4E-82CD78B74703}.Release|Any CPU.Build.0 = Release|Any CPU
		{198AABA3-47CC-0E45-B0EB-DE28F8859273}.Debug|Any CPU.ActiveCfg = Debug|Any CPU
		{198AABA3-47CC-0E45-B0EB-DE28F8859273}.Debug|Any CPU.Build.0 = Debug|Any CPU
		{198AABA3-47CC-0E45-B0EB-DE28F8859273}.Release|Any CPU.ActiveCfg = Release|Any CPU
		{198AABA3-47CC-0E45-B0EB-DE28F8859273}.Release|Any CPU.Build.0 = Release|Any CPU
		{E34123F3-15C0-0FCF-2C0A-67BECE5E974C}.Debug|Any CPU.ActiveCfg = Debug|Any CPU
		{E34123F3-15C0-0FCF-2C0A-67BECE5E974C}.Debug|Any CPU.Build.0 = Debug|Any CPU
		{E34123F3-15C0-0FCF-2C0A-67BECE5E974C}.Release|Any CPU.ActiveCfg = Release|Any CPU
		{E34123F3-15C0-0FCF-2C0A-67BECE5E974C}.Release|Any CPU.Build.0 = Release|Any CPU
		{80121923-68C8-C9F4-6B2F-98CA819BFFA0}.Debug|Any CPU.ActiveCfg = Debug|Any CPU
		{80121923-68C8-C9F4-6B2F-98CA819BFFA0}.Debug|Any CPU.Build.0 = Debug|Any CPU
		{80121923-68C8-C9F4-6B2F-98CA819BFFA0}.Release|Any CPU.ActiveCfg = Release|Any CPU
		{80121923-68C8-C9F4-6B2F-98CA819BFFA0}.Release|Any CPU.Build.0 = Release|Any CPU
		{6703172A-7032-9208-5F13-CB755714E4C5}.Debug|Any CPU.ActiveCfg = Debug|Any CPU
		{6703172A-7032-9208-5F13-CB755714E4C5}.Debug|Any CPU.Build.0 = Debug|Any CPU
		{6703172A-7032-9208-5F13-CB755714E4C5}.Release|Any CPU.ActiveCfg = Release|Any CPU
		{6703172A-7032-9208-5F13-CB755714E4C5}.Release|Any CPU.Build.0 = Release|Any CPU
		{E4B44666-1EFF-825A-679E-153EB9FFC8B2}.Debug|Any CPU.ActiveCfg = Debug|Any CPU
		{E4B44666-1EFF-825A-679E-153EB9FFC8B2}.Debug|Any CPU.Build.0 = Debug|Any CPU
		{E4B44666-1EFF-825A-679E-153EB9FFC8B2}.Release|Any CPU.ActiveCfg = Release|Any CPU
		{E4B44666-1EFF-825A-679E-153EB9FFC8B2}.Release|Any CPU.Build.0 = Release|Any CPU
		{341E823C-DF04-14C0-7EAF-0F70B8A98CB3}.Debug|Any CPU.ActiveCfg = Debug|Any CPU
		{341E823C-DF04-14C0-7EAF-0F70B8A98CB3}.Debug|Any CPU.Build.0 = Debug|Any CPU
		{341E823C-DF04-14C0-7EAF-0F70B8A98CB3}.Release|Any CPU.ActiveCfg = Release|Any CPU
		{341E823C-DF04-14C0-7EAF-0F70B8A98CB3}.Release|Any CPU.Build.0 = Release|Any CPU
		{A19FF3DF-CC26-71EC-D8AA-2A6179871C37}.Debug|Any CPU.ActiveCfg = Debug|Any CPU
		{A19FF3DF-CC26-71EC-D8AA-2A6179871C37}.Debug|Any CPU.Build.0 = Debug|Any CPU
		{A19FF3DF-CC26-71EC-D8AA-2A6179871C37}.Release|Any CPU.ActiveCfg = Release|Any CPU
		{A19FF3DF-CC26-71EC-D8AA-2A6179871C37}.Release|Any CPU.Build.0 = Release|Any CPU
		{05B5D9E6-2301-4867-6FA2-EB6723A61319}.Debug|Any CPU.ActiveCfg = Debug|Any CPU
		{05B5D9E6-2301-4867-6FA2-EB6723A61319}.Debug|Any CPU.Build.0 = Debug|Any CPU
		{05B5D9E6-2301-4867-6FA2-EB6723A61319}.Release|Any CPU.ActiveCfg = Release|Any CPU
		{05B5D9E6-2301-4867-6FA2-EB6723A61319}.Release|Any CPU.Build.0 = Release|Any CPU
		{934CB9C7-5F8A-972A-6662-1BEBA1B41BA2}.Debug|Any CPU.ActiveCfg = Debug|Any CPU
		{934CB9C7-5F8A-972A-6662-1BEBA1B41BA2}.Debug|Any CPU.Build.0 = Debug|Any CPU
		{934CB9C7-5F8A-972A-6662-1BEBA1B41BA2}.Release|Any CPU.ActiveCfg = Release|Any CPU
		{934CB9C7-5F8A-972A-6662-1BEBA1B41BA2}.Release|Any CPU.Build.0 = Release|Any CPU
		{61A62F04-801E-47E5-413B-C37B41D46674}.Debug|Any CPU.ActiveCfg = Debug|Any CPU
		{61A62F04-801E-47E5-413B-C37B41D46674}.Debug|Any CPU.Build.0 = Debug|Any CPU
		{61A62F04-801E-47E5-413B-C37B41D46674}.Release|Any CPU.ActiveCfg = Release|Any CPU
		{61A62F04-801E-47E5-413B-C37B41D46674}.Release|Any CPU.Build.0 = Release|Any CPU
		{0F0BFB97-E6EC-4F08-4025-3E1F8EA52147}.Debug|Any CPU.ActiveCfg = Debug|Any CPU
		{0F0BFB97-E6EC-4F08-4025-3E1F8EA52147}.Debug|Any CPU.Build.0 = Debug|Any CPU
		{0F0BFB97-E6EC-4F08-4025-3E1F8EA52147}.Release|Any CPU.ActiveCfg = Release|Any CPU
		{0F0BFB97-E6EC-4F08-4025-3E1F8EA52147}.Release|Any CPU.Build.0 = Release|Any CPU
	EndGlobalSection
	GlobalSection(SolutionProperties) = preSolution
		HideSolutionNode = FALSE
	EndGlobalSection
EndGlobal
